{
  "name": "stayfloow",
  "version": "0.1.0",
  "lockfileVersion": 3,
  "requires": true,
  "packages": {
    "": {
      "name": "stayfloow",
      "version": "0.1.0",
      "dependencies": {
        "next": "15.0.3",
        "react": "^18.3.1",
        "react-dom": "^18.3.1",
        "firebase": "^11.0.1"
      }
    },
    "node_modules/next": { "version": "15.0.3" },
    "node_modules/react": { "version": "18.3.1" },
    "node_modules/react-dom": { "version": "18.3.1" },
    "node_modules/firebase": { "version": "11.0.1" }
  }
}
