# THIS IS AN AUTOGENERATED FILE. DO NOT EDIT THIS FILE DIRECTLY.
# yarn lockfile v1


"@paypal/react-paypal-js@latest":
  version "8.7.0"
  resolved "https://registry.yarnpkg.com/@paypal/react-paypal-js/-/react-paypal-js-8.7.0.tgz"

firebase@^11.0.1:
  version "11.0.1"
  resolved "https://registry.yarnpkg.com/firebase/-/firebase-11.0.1.tgz"

next@15.0.3:
  version "15.0.3"
  resolved "https://registry.yarnpkg.com/next/-/next-15.0.3.tgz"

react@^18.3.1:
  version "18.3.1"
  resolved "https://registry.yarnpkg.com/react/-/react-18.3.1.tgz"

react-dom@^18.3.1:
  version "18.3.1"
  resolved "https://registry.yarnpkg.com/react-dom/-/react-dom-18.3.1.tgz"
